
Microsoft Visual Studio Solution File, Format Version 12.00
# Visual Studio Version 17
VisualStudioVersion = 17.7.34202.233
MinimumVisualStudioVersion = 10.0.40219.1
Project("{FAE04EC0-301F-11D3-BF4B-00C04F79EFBC}") = "ConsoleApp8", "ConsoleApp8\ConsoleApp8.csproj", "{19F845BE-88FD-47F9-BAEF-2DD2E754AACA}"
EndProject
Global
	GlobalSection(SolutionConfigurationPlatforms) = preSolution
		Debug|Any CPU = Debug|Any CPU
		Release|Any CPU = Release|Any CPU
	EndGlobalSection
	GlobalSection(ProjectConfigurationPlatforms) = postSolution
		{19F845BE-88FD-47F9-BAEF-2DD2E754AACA}.Debug|Any CPU.ActiveCfg = Debug|Any CPU
		{19F845BE-88FD-47F9-BAEF-2DD2E754AACA}.Debug|Any CPU.Build.0 = Debug|Any CPU
		{19F845BE-88FD-47F9-BAEF-2DD2E754AACA}.Release|Any CPU.ActiveCfg = Release|Any CPU
		{19F845BE-88FD-47F9-BAEF-2DD2E754AACA}.Release|Any CPU.Build.0 = Release|Any CPU
	EndGlobalSection
	GlobalSection(SolutionProperties) = preSolution
		HideSolutionNode = FALSE
	EndGlobalSection
	GlobalSection(ExtensibilityGlobals) = postSolution
		SolutionGuid = {D6502D57-A2A7-4ABA-BEAD-48F4B93CC1F4}
	EndGlobalSection
EndGlobal
